
Microsoft Visual Studio Solution File, Format Version 12.00
# Visual Studio 2015
Project("{FAE04EC0-301F-11D3-BF4B-00C04F79EFBC}") = "DBC", "DBC.csproj", "{AD754C7E-5E6B-285B-A411-F49D3DC5BD6B}"
EndProject
Global
	GlobalSection(SolutionConfigurationPlatforms) = preSolution
		Debug|Any CPU = Debug|Any CPU
		Release|Any CPU = Release|Any CPU
	EndGlobalSection
	GlobalSection(ProjectConfigurationPlatforms) = postSolution
		{AD754C7E-5E6B-285B-A411-F49D3DC5BD6B}.Debug|Any CPU.ActiveCfg = Debug|Any CPU
		{AD754C7E-5E6B-285B-A411-F49D3DC5BD6B}.Debug|Any CPU.Build.0 = Debug|Any CPU
		{AD754C7E-5E6B-285B-A411-F49D3DC5BD6B}.Release|Any CPU.ActiveCfg = Release|Any CPU
		{AD754C7E-5E6B-285B-A411-F49D3DC5BD6B}.Release|Any CPU.Build.0 = Release|Any CPU
	EndGlobalSection
	GlobalSection(SolutionProperties) = preSolution
		HideSolutionNode = FALSE
	EndGlobalSection
EndGlobal
